
Microsoft Visual Studio Solution File, Format Version 12.00
# Visual Studio Version 17
VisualStudioVersion = 17.6.33829.357
MinimumVisualStudioVersion = 10.0.40219.1
Project("{8BC9CEB8-8B4A-11D0-8D11-00A0C91BC942}") = "Vehicles", "lab1\lab1.vcxproj", "{0B6647F7-3770-4C50-8015-970FB8E7174D}"
EndProject
Project("{8BC9CEB8-8B4A-11D0-8D11-00A0C91BC942}") = "SchoolOfficeWork", "SchoolOfficeWork\SchoolOfficeWork.vcxproj", "{75995ED9-2353-4BD7-BD3B-D1E7085CD5D9}"
EndProject
Project("{8BC9CEB8-8B4A-11D0-8D11-00A0C91BC942}") = "BookStore", "BookStore\BookStore.vcxproj", "{4D828547-BE54-4A22-BEF6-FD415A495A5C}"
EndProject
Project("{8BC9CEB8-8B4A-11D0-8D11-00A0C91BC942}") = "BookStoreFileIOStreams", "BookStoreFileIOStreams\BookStoreFileIOStreams.vcxproj", "{E642D1CA-C30E-46B5-963A-C732ED73517B}"
EndProject
Global
	GlobalSection(SolutionConfigurationPlatforms) = preSolution
		Debug|x64 = Debug|x64
		Debug|x86 = Debug|x86
		Release|x64 = Release|x64
		Release|x86 = Release|x86
	EndGlobalSection
	GlobalSection(ProjectConfigurationPlatforms) = postSolution
		{0B6647F7-3770-4C50-8015-970FB8E7174D}.Debug|x64.ActiveCfg = Debug|x64
		{0B6647F7-3770-4C50-8015-970FB8E7174D}.Debug|x64.Build.0 = Debug|x64
		{0B6647F7-3770-4C50-8015-970FB8E7174D}.Debug|x86.ActiveCfg = Debug|Win32
		{0B6647F7-3770-4C50-8015-970FB8E7174D}.Debug|x86.Build.0 = Debug|Win32
		{0B6647F7-3770-4C50-8015-970FB8E7174D}.Release|x64.ActiveCfg = Release|x64
		{0B6647F7-3770-4C50-8015-970FB8E7174D}.Release|x64.Build.0 = Release|x64
		{0B6647F7-3770-4C50-8015-970FB8E7174D}.Release|x86.ActiveCfg = Release|Win32
		{0B6647F7-3770-4C50-8015-970FB8E7174D}.Release|x86.Build.0 = Release|Win32
		{75995ED9-2353-4BD7-BD3B-D1E7085CD5D9}.Debug|x64.ActiveCfg = Debug|x64
		{75995ED9-2353-4BD7-BD3B-D1E7085CD5D9}.Debug|x64.Build.0 = Debug|x64
		{75995ED9-2353-4BD7-BD3B-D1E7085CD5D9}.Debug|x86.ActiveCfg = Debug|Win32
		{75995ED9-2353-4BD7-BD3B-D1E7085CD5D9}.Debug|x86.Build.0 = Debug|Win32
		{75995ED9-2353-4BD7-BD3B-D1E7085CD5D9}.Release|x64.ActiveCfg = Release|x64
		{75995ED9-2353-4BD7-BD3B-D1E7085CD5D9}.Release|x64.Build.0 = Release|x64
		{75995ED9-2353-4BD7-BD3B-D1E7085CD5D9}.Release|x86.ActiveCfg = Release|Win32
		{75995ED9-2353-4BD7-BD3B-D1E7085CD5D9}.Release|x86.Build.0 = Release|Win32
		{4D828547-BE54-4A22-BEF6-FD415A495A5C}.Debug|x64.ActiveCfg = Debug|x64
		{4D828547-BE54-4A22-BEF6-FD415A495A5C}.Debug|x64.Build.0 = Debug|x64
		{4D828547-BE54-4A22-BEF6-FD415A495A5C}.Debug|x86.ActiveCfg = Debug|Win32
		{4D828547-BE54-4A22-BEF6-FD415A495A5C}.Debug|x86.Build.0 = Debug|Win32
		{4D828547-BE54-4A22-BEF6-FD415A495A5C}.Release|x64.ActiveCfg = Release|x64
		{4D828547-BE54-4A22-BEF6-FD415A495A5C}.Release|x64.Build.0 = Release|x64
		{4D828547-BE54-4A22-BEF6-FD415A495A5C}.Release|x86.ActiveCfg = Release|Win32
		{4D828547-BE54-4A22-BEF6-FD415A495A5C}.Release|x86.Build.0 = Release|Win32
		{E642D1CA-C30E-46B5-963A-C732ED73517B}.Debug|x64.ActiveCfg = Debug|x64
		{E642D1CA-C30E-46B5-963A-C732ED73517B}.Debug|x64.Build.0 = Debug|x64
		{E642D1CA-C30E-46B5-963A-C732ED73517B}.Debug|x86.ActiveCfg = Debug|Win32
		{E642D1CA-C30E-46B5-963A-C732ED73517B}.Debug|x86.Build.0 = Debug|Win32
		{E642D1CA-C30E-46B5-963A-C732ED73517B}.Release|x64.ActiveCfg = Release|x64
		{E642D1CA-C30E-46B5-963A-C732ED73517B}.Release|x64.Build.0 = Release|x64
		{E642D1CA-C30E-46B5-963A-C732ED73517B}.Release|x86.ActiveCfg = Release|Win32
		{E642D1CA-C30E-46B5-963A-C732ED73517B}.Release|x86.Build.0 = Release|Win32
	EndGlobalSection
	GlobalSection(SolutionProperties) = preSolution
		HideSolutionNode = FALSE
	EndGlobalSection
	GlobalSection(ExtensibilityGlobals) = postSolution
		SolutionGuid = {C83B469E-C1E6-452E-A829-30D0ECDD03F0}
	EndGlobalSection
EndGlobal
